
Microsoft Visual Studio Solution File, Format Version 12.00
# Visual Studio 2012
Project("{FAE04EC0-301F-11D3-BF4B-00C04F79EFBC}") = "appoxee-sdk-ios", "appoxee-sdk-ios\appoxee-sdk-ios.csproj", "{8491F4EA-FBAE-4856-AB16-75082D1A97DB}"
EndProject
Project("{FAE04EC0-301F-11D3-BF4B-00C04F79EFBC}") = "appoxee-sdk-android", "appoxee-sdk-android\appoxee-sdk-android.csproj", "{F3345CC7-6A36-4559-89BB-B0655475E60C}"
EndProject
Global
	GlobalSection(SolutionConfigurationPlatforms) = preSolution
		Debug|Any CPU = Debug|Any CPU
		Release|Any CPU = Release|Any CPU
	EndGlobalSection
	GlobalSection(ProjectConfigurationPlatforms) = postSolution
		{8491F4EA-FBAE-4856-AB16-75082D1A97DB}.Debug|Any CPU.ActiveCfg = Debug|Any CPU
		{8491F4EA-FBAE-4856-AB16-75082D1A97DB}.Debug|Any CPU.Build.0 = Debug|Any CPU
		{8491F4EA-FBAE-4856-AB16-75082D1A97DB}.Release|Any CPU.ActiveCfg = Release|Any CPU
		{8491F4EA-FBAE-4856-AB16-75082D1A97DB}.Release|Any CPU.Build.0 = Release|Any CPU
		{F3345CC7-6A36-4559-89BB-B0655475E60C}.Debug|Any CPU.ActiveCfg = Debug|Any CPU
		{F3345CC7-6A36-4559-89BB-B0655475E60C}.Debug|Any CPU.Build.0 = Debug|Any CPU
		{F3345CC7-6A36-4559-89BB-B0655475E60C}.Release|Any CPU.ActiveCfg = Release|Any CPU
		{F3345CC7-6A36-4559-89BB-B0655475E60C}.Release|Any CPU.Build.0 = Release|Any CPU
	EndGlobalSection
EndGlobal
